<?xml version="1.0" encoding="utf-8"?>
<Project ToolsVersion="4.0" xmlns="http://schemas.microsoft.com/developer/msbuild/2003">
  <ItemGroup>
    <FxCompile Include="engine\assets\linesinstances_ms.hlsl" />
    <FxCompile Include="engine\assets\basic_ps.hlsl" />
    <FxCompile Include="engine\assets\instances_ps.hlsl" />
    <FxCompile Include="engine\assets\default_ps.hlsl" />
    <FxCompile Include="engine\assets\default_as.hlsl" />
    <FxCompile Include="engine\assets\default_ms.hlsl" />
    <FxCompile Include="engine\assets\instances_asold.hlsl" />
    <FxCompile Include="engine\assets\instances_ms.hlsl" />
    <FxCompile Include="engine\assets\lines_ms.hlsl" />
    <FxCompile Include="engine\assets\instances_as.hlsl" />
    <FxCompile Include="engine\assets\texturess_ps.hlsl" />
    <FxCompile Include="engine\assets\texturess_ms.hlsl" />
  </ItemGroup>
  <ItemGroup>
    <ClCompile Include="engine\physics\collision.cpp" />
    <ClCompile Include="engine\geometry\ffd.cpp" />
    <ClCompile Include="engine\geometry\geocore.cpp" />
    <ClCompile Include="engine\geometry\geoutils.cpp" />
    <ClCompile Include="engine\engine.cpp" />
    <ClCompile Include="engine\graphics\body.cpp" />
    <ClCompile Include="engine\interfaces\bodyinterface.cpp" />
    <ClCompile Include="engine\interfaces\engineinterface.cpp" />
    <ClCompile Include="engine\graphics\gfxmemory.cpp" />
    <ClCompile Include="engine\graphics\gfxutils.cpp" />
    <ClCompile Include="engine\engineutils.cpp" />
    <ClCompile Include="engine\geometry\primitives.ixx" />
    <ClCompile Include="engine\geometry\shapes.ixx" />
    <ClCompile Include="engine\physics\spring.ixx" />
    <ClCompile Include="engine\geometry\beziermaths.cpp" />
    <ClCompile Include="engine\dxsample.cpp" />
    <ClCompile Include="engine\main.cpp" />
    <ClCompile Include="engine\simplecamera.cpp" />
    <ClCompile Include="engine\simplemath.cpp" />
    <ClCompile Include="engine\win32application.cpp" />
    <ClCompile Include="gameimplementations\softbodydemo\softbodydemo.cpp" />
    <ClCompile Include="gameinterfaces\gamebase.cpp" />
    <ClCompile Include="gameinterfaces\gameutils.cpp" />
    <ClCompile Include="gameimplementations\fluidsimulation\fluidsimulation.ixx" />
    <ClCompile Include="engine\cursor.cpp" />
    <ClCompile Include="engine\ui\canvas.cpp" />
    <ClCompile Include="engine\ui\image.cpp" />
    <ClCompile Include="engine\ui\uicore.cpp" />
  </ItemGroup>
  <ItemGroup>
    <ClInclude Include="d3dx12.h" />
    <ClInclude Include="engine\physics\collision.h" />
    <ClInclude Include="engine\geometry\ffd.h" />
    <ClInclude Include="engine\geometry\geocore.h" />
    <ClInclude Include="engine\geometry\geoutils.h" />
    <ClInclude Include="engine\engine.h" />
    <ClInclude Include="engine\graphics\body.h" />
    <ClInclude Include="engine\graphics\body.hpp" />
    <ClInclude Include="engine\graphics\gfxcore.h" />
    <ClInclude Include="engine\interfaces\bodyinterface.h" />
    <ClInclude Include="engine\interfaces\engineinterface.h" />
    <ClInclude Include="engine\graphics\gfxmemory.h" />
    <ClInclude Include="engine\graphics\gfxutils.h" />
    <ClInclude Include="engine\geometry\geodefines.h" />
    <ClInclude Include="engine\geometry\beziermaths.h" />
    <ClInclude Include="engine\geometry\beziershapes.h" />
    <ClInclude Include="stdx\stdx.h" />
    <ClInclude Include="engine\debugutils.h" />
    <ClInclude Include="engine\dxsample.h" />
    <ClInclude Include="engine\dxsamplehelper.h" />
    <ClInclude Include="engine\engineutils.h" />
    <ClInclude Include="engine\simplecamera.h" />
    <ClInclude Include="engine\simplemath.h" />
    <ClInclude Include="engine\steptimer.h" />
    <ClInclude Include="engine\win32application.h" />
    <ClInclude Include="gameimplementations\softbodydemo\softbodydemo.h" />
    <ClInclude Include="gameinterfaces\gamebase.h" />
    <ClInclude Include="gameinterfaces\gameutils.h" />
    <ClInclude Include="engine\sharedconstants.h" />
    <ClInclude Include="gameimplementations\fluidsimulation\fluidcore.h" />
    <ClInclude Include="engine\cursor.h" />
    <ClInclude Include="engine\ui\canvas.h" />
    <ClInclude Include="engine\ui\image.h" />
    <ClInclude Include="engine\ui\uicore.h" />
    <ClInclude Include="engine\core.h" />
    <ClInclude Include="stdx\stdxcore.h" />
    <ClInclude Include="stdx\vec.h" />
  </ItemGroup>
  <ItemGroup>
    <None Include="engine\assets\lighting.hlsli" />
    <None Include="engine\assets\common.hlsli" />
    <None Include="engine\simplemath.inl" />
  </ItemGroup>
  <ItemGroup>
    <Filter Include="GameImplementations">
      <UniqueIdentifier>{0320542b-70bd-49ef-ac99-c3678398e5ab}</UniqueIdentifier>
    </Filter>
    <Filter Include="Engine">
      <UniqueIdentifier>{253fe27e-f894-452c-a3d8-72b2b75cc982}</UniqueIdentifier>
    </Filter>
    <Filter Include="GameInterfaces">
      <UniqueIdentifier>{eb3c92c4-b53b-4c3e-b70c-eef746f9e10d}</UniqueIdentifier>
    </Filter>
    <Filter Include="Engine\Assets">
      <UniqueIdentifier>{089bc000-ed69-4aa4-b6ac-3bf4c0e694c0}</UniqueIdentifier>
    </Filter>
    <Filter Include="Engine\Interfaces">
      <UniqueIdentifier>{533d71eb-84b7-48db-bb28-edcff74a418f}</UniqueIdentifier>
    </Filter>
    <Filter Include="GameImplementations\SoftBodyDemo">
      <UniqueIdentifier>{ff6412f6-349f-4d06-8a48-8c9d92f9a621}</UniqueIdentifier>
    </Filter>
    <Filter Include="GameImplementations\SoftBodyDemo\Assets">
      <UniqueIdentifier>{e94463a1-874b-49bc-8e2f-ad06b7912114}</UniqueIdentifier>
    </Filter>
    <Filter Include="Engine\Graphics">
      <UniqueIdentifier>{58e4061a-e53d-4c59-a67b-ffc18d871fdf}</UniqueIdentifier>
    </Filter>
  </ItemGroup>
</Project>