<?xml version="1.0" encoding="utf-8"?>
<Project ToolsVersion="4.0" xmlns="http://schemas.microsoft.com/developer/msbuild/2003">
  <ItemGroup>
    <FxCompile Include="DefaultMS.hlsl">
      <Filter>Engine\Assets</Filter>
    </FxCompile>
    <FxCompile Include="DefaultPS.hlsl">
      <Filter>Engine\Assets</Filter>
    </FxCompile>
    <FxCompile Include="Engine\Assets\DefaultAS.hlsl" />
    <FxCompile Include="Engine\Assets\DefaultMS.hlsl" />
    <FxCompile Include="Engine\Assets\InstancesMS.hlsl" />
    <FxCompile Include="Engine\Assets\InstancesAS.hlsl" />
    <FxCompile Include="Engine\Assets\linesMS.hlsl" />
    <FxCompile Include="Engine\Assets\linesinstances_ms.hlsl" />
    <FxCompile Include="Engine\Assets\basic_ps.hlsl" />
    <FxCompile Include="Engine\Assets\instances_ps.hlsl" />
    <FxCompile Include="Engine\Assets\default_ps.hlsl" />
  </ItemGroup>
  <ItemGroup>
    <ClCompile Include="Engine\DXSample.cpp">
      <Filter>Engine</Filter>
    </ClCompile>
    <ClCompile Include="Engine\Main.cpp">
      <Filter>Engine</Filter>
    </ClCompile>
    <ClCompile Include="Engine\SimpleCamera.cpp">
      <Filter>Engine</Filter>
    </ClCompile>
    <ClCompile Include="Engine\SimpleMath.cpp">
      <Filter>Engine</Filter>
    </ClCompile>
    <ClCompile Include="Engine\Win32Application.cpp">
      <Filter>Engine</Filter>
    </ClCompile>
    <ClCompile Include="GameUtils.cpp" />
    <ClCompile Include="GameImplementations\SoftBodyDemo\SoftBodyDemo.cpp">
      <Filter>GameImplementations\SoftBodyDemo</Filter>
    </ClCompile>
    <ClCompile Include="GameInterfaces\GameBase.cpp">
      <Filter>GameInterfaces</Filter>
    </ClCompile>
    <ClCompile Include="Engine\physics\collision.cpp" />
    <ClCompile Include="Engine\geometry\ffd.cpp" />
    <ClCompile Include="Engine\geometry\geocore.cpp" />
    <ClCompile Include="Engine\geometry\geoutils.cpp" />
    <ClCompile Include="Engine\engine.cpp" />
    <ClCompile Include="Engine\graphics\body.cpp" />
    <ClCompile Include="Engine\interfaces\bodyinterface.cpp" />
    <ClCompile Include="Engine\interfaces\engineinterface.cpp" />
    <ClCompile Include="Engine\graphics\gfxmemory.cpp" />
    <ClCompile Include="Engine\graphics\gfxutils.cpp" />
    <ClCompile Include="Engine\engineutils.cpp" />
    <ClCompile Include="Engine\geometry\primitives.ixx" />
    <ClCompile Include="Engine\geometry\shapes.ixx" />
    <ClCompile Include="Engine\physics\spring.ixx" />
  </ItemGroup>
  <ItemGroup>
    <ClInclude Include="Engine\DXSample.h">
      <Filter>Engine</Filter>
    </ClInclude>
    <ClInclude Include="Engine\DXSampleHelper.h">
      <Filter>Engine</Filter>
    </ClInclude>
    <ClInclude Include="Engine\SimpleCamera.h">
      <Filter>Engine</Filter>
    </ClInclude>
    <ClInclude Include="Engine\SimpleMath.h">
      <Filter>Engine</Filter>
    </ClInclude>
    <ClInclude Include="Engine\StepTimer.h">
      <Filter>Engine</Filter>
    </ClInclude>
    <ClInclude Include="Engine\Win32Application.h">
      <Filter>Engine</Filter>
    </ClInclude>
    <ClInclude Include="GameInterfaces\GameBase.h">
      <Filter>GameInterfaces</Filter>
    </ClInclude>
    <ClInclude Include="GameInterfaces\GameUtils.h">
      <Filter>GameInterfaces</Filter>
    </ClInclude>
    <ClInclude Include="Engine\EngineUtils.h">
      <Filter>Engine</Filter>
    </ClInclude>
    <ClInclude Include="SharedConstants.h" />
    <ClInclude Include="GameImplementations\SoftBodyDemo\SoftBodyDemo.h">
      <Filter>GameImplementations\SoftBodyDemo</Filter>
    </ClInclude>
    <ClInclude Include="d3dx12.h" />
    <ClInclude Include="Engine\physics\collision.h" />
    <ClInclude Include="Engine\geometry\ffd.h" />
    <ClInclude Include="Engine\geometry\geocore.h" />
    <ClInclude Include="Engine\geometry\geoutils.h" />
    <ClInclude Include="Engine\engine.h" />
    <ClInclude Include="Engine\graphics\body.h" />
    <ClInclude Include="Engine\graphics\body.hpp" />
    <ClInclude Include="Engine\graphics\gfxcore.h" />
    <ClInclude Include="Engine\interfaces\bodyinterface.h" />
    <ClInclude Include="Engine\interfaces\engineinterface.h" />
    <ClInclude Include="Engine\graphics\gfxmemory.h" />
    <ClInclude Include="Engine\graphics\gfxutils.h" />
    <ClInclude Include="Engine\geometry\geodefines.h" />
  </ItemGroup>
  <ItemGroup>
    <None Include="Engine\SimpleMath.inl">
      <Filter>Engine</Filter>
    </None>
    <None Include="Engine\Assets\Common.hlsli" />
    <None Include="Engine\Assets\lighting.hlsli" />
  </ItemGroup>
  <ItemGroup>
    <Filter Include="GameImplementations">
      <UniqueIdentifier>{0320542b-70bd-49ef-ac99-c3678398e5ab}</UniqueIdentifier>
    </Filter>
    <Filter Include="Engine">
      <UniqueIdentifier>{253fe27e-f894-452c-a3d8-72b2b75cc982}</UniqueIdentifier>
    </Filter>
    <Filter Include="GameInterfaces">
      <UniqueIdentifier>{eb3c92c4-b53b-4c3e-b70c-eef746f9e10d}</UniqueIdentifier>
    </Filter>
    <Filter Include="Engine\Assets">
      <UniqueIdentifier>{089bc000-ed69-4aa4-b6ac-3bf4c0e694c0}</UniqueIdentifier>
    </Filter>
    <Filter Include="Engine\Interfaces">
      <UniqueIdentifier>{533d71eb-84b7-48db-bb28-edcff74a418f}</UniqueIdentifier>
    </Filter>
    <Filter Include="GameImplementations\SoftBodyDemo">
      <UniqueIdentifier>{ff6412f6-349f-4d06-8a48-8c9d92f9a621}</UniqueIdentifier>
    </Filter>
    <Filter Include="GameImplementations\SoftBodyDemo\Assets">
      <UniqueIdentifier>{e94463a1-874b-49bc-8e2f-ad06b7912114}</UniqueIdentifier>
    </Filter>
    <Filter Include="Engine\Graphics">
      <UniqueIdentifier>{58e4061a-e53d-4c59-a67b-ffc18d871fdf}</UniqueIdentifier>
    </Filter>
  </ItemGroup>
</Project>